
Microsoft Visual Studio Solution File, Format Version 12.00
# Visual Studio Version 16
VisualStudioVersion = 16.0.30002.166
MinimumVisualStudioVersion = 10.0.40219.1
Project("{FAE04EC0-301F-11D3-BF4B-00C04F79EFBC}") = "Quick-Point.co.uk", "Quick-Point.co.uk.csproj", "{335830DB-B0D1-44F5-9C81-8861F6693ECB}"
EndProject
Project("{9A19103F-16F7-4668-BE54-9A1E7A4F7556}") = "QnABot", "..\QPMultiTurnBot\QnABot.csproj", "{C80C5D64-B968-44EC-87B1-1741D1CE62EE}"
EndProject
Project("{FAE04EC0-301F-11D3-BF4B-00C04F79EFBC}") = "DocumentGeneratorLibrary", "..\DocumentGeneratorLibrary\DocumentGeneratorLibrary.csproj", "{5DE19EAF-CBAC-4F50-88B4-5E855281013D}"
EndProject
Global
	GlobalSection(SolutionConfigurationPlatforms) = preSolution
		Debug|Any CPU = Debug|Any CPU
		Release|Any CPU = Release|Any CPU
	EndGlobalSection
	GlobalSection(ProjectConfigurationPlatforms) = postSolution
		{335830DB-B0D1-44F5-9C81-8861F6693ECB}.Debug|Any CPU.ActiveCfg = Debug|Any CPU
		{335830DB-B0D1-44F5-9C81-8861F6693ECB}.Debug|Any CPU.Build.0 = Debug|Any CPU
		{335830DB-B0D1-44F5-9C81-8861F6693ECB}.Release|Any CPU.ActiveCfg = Release|Any CPU
		{335830DB-B0D1-44F5-9C81-8861F6693ECB}.Release|Any CPU.Build.0 = Release|Any CPU
		{C80C5D64-B968-44EC-87B1-1741D1CE62EE}.Debug|Any CPU.ActiveCfg = Debug|Any CPU
		{C80C5D64-B968-44EC-87B1-1741D1CE62EE}.Debug|Any CPU.Build.0 = Debug|Any CPU
		{C80C5D64-B968-44EC-87B1-1741D1CE62EE}.Release|Any CPU.ActiveCfg = Release|Any CPU
		{C80C5D64-B968-44EC-87B1-1741D1CE62EE}.Release|Any CPU.Build.0 = Release|Any CPU
		{5DE19EAF-CBAC-4F50-88B4-5E855281013D}.Debug|Any CPU.ActiveCfg = Debug|Any CPU
		{5DE19EAF-CBAC-4F50-88B4-5E855281013D}.Debug|Any CPU.Build.0 = Debug|Any CPU
		{5DE19EAF-CBAC-4F50-88B4-5E855281013D}.Release|Any CPU.ActiveCfg = Release|Any CPU
		{5DE19EAF-CBAC-4F50-88B4-5E855281013D}.Release|Any CPU.Build.0 = Release|Any CPU
	EndGlobalSection
	GlobalSection(SolutionProperties) = preSolution
		HideSolutionNode = FALSE
	EndGlobalSection
	GlobalSection(ExtensibilityGlobals) = postSolution
		SolutionGuid = {EF2A90A3-7AED-4470-9D94-78701FC30B8D}
	EndGlobalSection
EndGlobal
