
Microsoft Visual Studio Solution File, Format Version 12.00
# Visual Studio Version 16
VisualStudioVersion = 16.0.30002.166
MinimumVisualStudioVersion = 10.0.40219.1
Project("{FAE04EC0-301F-11D3-BF4B-00C04F79EFBC}") = "Quick-Point.co.uk", "Quick-Point.co.uk.csproj", "{335830DB-B0D1-44F5-9C81-8861F6693ECB}"
EndProject
Project("{9A19103F-16F7-4668-BE54-9A1E7A4F7556}") = "QnABot", "..\QPMultiTurnBot\QnABot.csproj", "{4E23A75E-7A9F-42C8-89B2-32CD619301FE}"
EndProject
Global
	GlobalSection(SolutionConfigurationPlatforms) = preSolution
		Debug|Any CPU = Debug|Any CPU
		Release|Any CPU = Release|Any CPU
	EndGlobalSection
	GlobalSection(ProjectConfigurationPlatforms) = postSolution
		{335830DB-B0D1-44F5-9C81-8861F6693ECB}.Debug|Any CPU.ActiveCfg = Debug|Any CPU
		{335830DB-B0D1-44F5-9C81-8861F6693ECB}.Debug|Any CPU.Build.0 = Debug|Any CPU
		{335830DB-B0D1-44F5-9C81-8861F6693ECB}.Release|Any CPU.ActiveCfg = Release|Any CPU
		{335830DB-B0D1-44F5-9C81-8861F6693ECB}.Release|Any CPU.Build.0 = Release|Any CPU
		{4E23A75E-7A9F-42C8-89B2-32CD619301FE}.Debug|Any CPU.ActiveCfg = Debug|Any CPU
		{4E23A75E-7A9F-42C8-89B2-32CD619301FE}.Debug|Any CPU.Build.0 = Debug|Any CPU
		{4E23A75E-7A9F-42C8-89B2-32CD619301FE}.Release|Any CPU.ActiveCfg = Release|Any CPU
		{4E23A75E-7A9F-42C8-89B2-32CD619301FE}.Release|Any CPU.Build.0 = Release|Any CPU
	EndGlobalSection
	GlobalSection(SolutionProperties) = preSolution
		HideSolutionNode = FALSE
	EndGlobalSection
	GlobalSection(ExtensibilityGlobals) = postSolution
		SolutionGuid = {EF2A90A3-7AED-4470-9D94-78701FC30B8D}
	EndGlobalSection
EndGlobal
